// !$*UTF8*$!
{
	archiveVersion = 1;
	classes = {
	};
	objectVersion = 56;
	objects = {

/* Begin PBXBuildFile section */
		C40A4BFE296430AA008B5D14 /* GoogleService-Info.plist in Resources */ = {isa = PBXBuildFile; fileRef = C40A4BFD296430AA008B5D14 /* GoogleService-Info.plist */; };
		C40A4C012964319A008B5D14 /* FirebaseAuth in Frameworks */ = {isa = PBXBuildFile; productRef = C40A4C002964319A008B5D14 /* FirebaseAuth */; };
		C40A4C032964319A008B5D14 /* FirebaseFirestore in Frameworks */ = {isa = PBXBuildFile; productRef = C40A4C022964319A008B5D14 /* FirebaseFirestore */; };
		C40A4C052964319A008B5D14 /* FirebaseStorage in Frameworks */ = {isa = PBXBuildFile; productRef = C40A4C042964319A008B5D14 /* FirebaseStorage */; };
		C41AB31E2967F66200C14157 /* MainTabBarViewController.swift in Sources */ = {isa = PBXBuildFile; fileRef = C41AB31D2967F66200C14157 /* MainTabBarViewController.swift */; };
		C42D29FC2970B1B4005DB7D0 /* Task.swift in Sources */ = {isa = PBXBuildFile; fileRef = C42D29FB2970B1B4005DB7D0 /* Task.swift */; };
		C42D29FE2970B268005DB7D0 /* Constant.swift in Sources */ = {isa = PBXBuildFile; fileRef = C42D29FD2970B268005DB7D0 /* Constant.swift */; };
		C43079FF29616C0400A8CF57 /* Extension.swift in Sources */ = {isa = PBXBuildFile; fileRef = C43079FE29616C0400A8CF57 /* Extension.swift */; };
		C43B7284297046D900E9748A /* User.swift in Sources */ = {isa = PBXBuildFile; fileRef = C43B7283297046D900E9748A /* User.swift */; };
		C446D82A296010F500C3AF59 /* AppDelegate.swift in Sources */ = {isa = PBXBuildFile; fileRef = C446D829296010F500C3AF59 /* AppDelegate.swift */; };
		C446D82E296010F500C3AF59 /* LoginViewController.swift in Sources */ = {isa = PBXBuildFile; fileRef = C446D82D296010F500C3AF59 /* LoginViewController.swift */; };
		C446D833296010F900C3AF59 /* Assets.xcassets in Resources */ = {isa = PBXBuildFile; fileRef = C446D832296010F900C3AF59 /* Assets.xcassets */; };
		C446D836296010F900C3AF59 /* LaunchScreen.storyboard in Resources */ = {isa = PBXBuildFile; fileRef = C446D834296010F900C3AF59 /* LaunchScreen.storyboard */; };
		C453172F2961AD58000A1F45 /* AuthenticationInputView.swift in Sources */ = {isa = PBXBuildFile; fileRef = C453172E2961AD58000A1F45 /* AuthenticationInputView.swift */; };
		C45317312961AE18000A1F45 /* CustomTextField.swift in Sources */ = {isa = PBXBuildFile; fileRef = C45317302961AE18000A1F45 /* CustomTextField.swift */; };
		C45BE50F296D369800463414 /* Service.swift in Sources */ = {isa = PBXBuildFile; fileRef = C45BE50E296D369800463414 /* Service.swift */; };
		C460FD47296BF21400F147B2 /* NewTaskViewController.swift in Sources */ = {isa = PBXBuildFile; fileRef = C460FD46296BF21400F147B2 /* NewTaskViewController.swift */; };
		C46FD18D2962A9F900FB8ABD /* RegisterViewController.swift in Sources */ = {isa = PBXBuildFile; fileRef = C46FD18C2962A9F900FB8ABD /* RegisterViewController.swift */; };
		C46FD18F2962B91900FB8ABD /* RegisterViewModel.swift in Sources */ = {isa = PBXBuildFile; fileRef = C46FD18E2962B91900FB8ABD /* RegisterViewModel.swift */; };
		C475E54A2961FBCD0093D838 /* LoginViewModel.swift in Sources */ = {isa = PBXBuildFile; fileRef = C475E5492961FBCD0093D838 /* LoginViewModel.swift */; };
		C47969D82964535D00D9424A /* AuthenticationService.swift in Sources */ = {isa = PBXBuildFile; fileRef = C47969D72964535D00D9424A /* AuthenticationService.swift */; };
		C498F8402970208500A53371 /* TaskCell.swift in Sources */ = {isa = PBXBuildFile; fileRef = C498F83F2970208500A53371 /* TaskCell.swift */; };
		C4A33A4B296850E200E39F62 /* JGProgressHUD in Frameworks */ = {isa = PBXBuildFile; productRef = C4A33A4A296850E200E39F62 /* JGProgressHUD */; };
		C4DA9086296C1AEE00E55ED6 /* InputTextView.swift in Sources */ = {isa = PBXBuildFile; fileRef = C4DA9085296C1AEE00E55ED6 /* InputTextView.swift */; };
		C4E5B57A29696DF300F7152C /* PastTaskViewController.swift in Sources */ = {isa = PBXBuildFile; fileRef = C4E5B57929696DF300F7152C /* PastTaskViewController.swift */; };
		C4E5B57C29696E2E00F7152C /* TasksViewController.swift in Sources */ = {isa = PBXBuildFile; fileRef = C4E5B57B29696E2E00F7152C /* TasksViewController.swift */; };
		C4E5B57E29696E4800F7152C /* ProfileViewContoller.swift in Sources */ = {isa = PBXBuildFile; fileRef = C4E5B57D29696E4800F7152C /* ProfileViewContoller.swift */; };
/* End PBXBuildFile section */

/* Begin PBXFileReference section */
		C40A4BFD296430AA008B5D14 /* GoogleService-Info.plist */ = {isa = PBXFileReference; fileEncoding = 4; lastKnownFileType = text.plist.xml; path = "GoogleService-Info.plist"; sourceTree = "<group>"; };
		C41AB31D2967F66200C14157 /* MainTabBarViewController.swift */ = {isa = PBXFileReference; lastKnownFileType = sourcecode.swift; path = MainTabBarViewController.swift; sourceTree = "<group>"; };
		C42D29FB2970B1B4005DB7D0 /* Task.swift */ = {isa = PBXFileReference; lastKnownFileType = sourcecode.swift; path = Task.swift; sourceTree = "<group>"; };
		C42D29FD2970B268005DB7D0 /* Constant.swift */ = {isa = PBXFileReference; lastKnownFileType = sourcecode.swift; path = Constant.swift; sourceTree = "<group>"; };
		C43079FE29616C0400A8CF57 /* Extension.swift */ = {isa = PBXFileReference; lastKnownFileType = sourcecode.swift; path = Extension.swift; sourceTree = "<group>"; };
		C43B7283297046D900E9748A /* User.swift */ = {isa = PBXFileReference; lastKnownFileType = sourcecode.swift; path = User.swift; sourceTree = "<group>"; };
		C446D826296010F500C3AF59 /* TodoApp.app */ = {isa = PBXFileReference; explicitFileType = wrapper.application; includeInIndex = 0; path = TodoApp.app; sourceTree = BUILT_PRODUCTS_DIR; };
		C446D829296010F500C3AF59 /* AppDelegate.swift */ = {isa = PBXFileReference; lastKnownFileType = sourcecode.swift; path = AppDelegate.swift; sourceTree = "<group>"; };
		C446D82D296010F500C3AF59 /* LoginViewController.swift */ = {isa = PBXFileReference; lastKnownFileType = sourcecode.swift; path = LoginViewController.swift; sourceTree = "<group>"; };
		C446D832296010F900C3AF59 /* Assets.xcassets */ = {isa = PBXFileReference; lastKnownFileType = folder.assetcatalog; path = Assets.xcassets; sourceTree = "<group>"; };
		C446D835296010F900C3AF59 /* Base */ = {isa = PBXFileReference; lastKnownFileType = file.storyboard; name = Base; path = Base.lproj/LaunchScreen.storyboard; sourceTree = "<group>"; };
		C446D837296010F900C3AF59 /* Info.plist */ = {isa = PBXFileReference; lastKnownFileType = text.plist.xml; path = Info.plist; sourceTree = "<group>"; };
		C453172E2961AD58000A1F45 /* AuthenticationInputView.swift */ = {isa = PBXFileReference; lastKnownFileType = sourcecode.swift; path = AuthenticationInputView.swift; sourceTree = "<group>"; };
		C45317302961AE18000A1F45 /* CustomTextField.swift */ = {isa = PBXFileReference; lastKnownFileType = sourcecode.swift; path = CustomTextField.swift; sourceTree = "<group>"; };
		C45BE50E296D369800463414 /* Service.swift */ = {isa = PBXFileReference; lastKnownFileType = sourcecode.swift; path = Service.swift; sourceTree = "<group>"; };
		C460FD46296BF21400F147B2 /* NewTaskViewController.swift */ = {isa = PBXFileReference; lastKnownFileType = sourcecode.swift; path = NewTaskViewController.swift; sourceTree = "<group>"; };
		C46FD18C2962A9F900FB8ABD /* RegisterViewController.swift */ = {isa = PBXFileReference; lastKnownFileType = sourcecode.swift; path = RegisterViewController.swift; sourceTree = "<group>"; };
		C46FD18E2962B91900FB8ABD /* RegisterViewModel.swift */ = {isa = PBXFileReference; lastKnownFileType = sourcecode.swift; path = RegisterViewModel.swift; sourceTree = "<group>"; };
		C475E5492961FBCD0093D838 /* LoginViewModel.swift */ = {isa = PBXFileReference; lastKnownFileType = sourcecode.swift; path = LoginViewModel.swift; sourceTree = "<group>"; };
		C47969D72964535D00D9424A /* AuthenticationService.swift */ = {isa = PBXFileReference; lastKnownFileType = sourcecode.swift; path = AuthenticationService.swift; sourceTree = "<group>"; };
		C498F83F2970208500A53371 /* TaskCell.swift */ = {isa = PBXFileReference; lastKnownFileType = sourcecode.swift; path = TaskCell.swift; sourceTree = "<group>"; };
		C4DA9085296C1AEE00E55ED6 /* InputTextView.swift */ = {isa = PBXFileReference; lastKnownFileType = sourcecode.swift; path = InputTextView.swift; sourceTree = "<group>"; };
		C4E5B57929696DF300F7152C /* PastTaskViewController.swift */ = {isa = PBXFileReference; lastKnownFileType = sourcecode.swift; path = PastTaskViewController.swift; sourceTree = "<group>"; };
		C4E5B57B29696E2E00F7152C /* TasksViewController.swift */ = {isa = PBXFileReference; lastKnownFileType = sourcecode.swift; path = TasksViewController.swift; sourceTree = "<group>"; };
		C4E5B57D29696E4800F7152C /* ProfileViewContoller.swift */ = {isa = PBXFileReference; lastKnownFileType = sourcecode.swift; path = ProfileViewContoller.swift; sourceTree = "<group>"; };
/* End PBXFileReference section */

/* Begin PBXFrameworksBuildPhase section */
		C446D823296010F500C3AF59 /* Frameworks */ = {
			isa = PBXFrameworksBuildPhase;
			buildActionMask = 2147483647;
			files = (
				C4A33A4B296850E200E39F62 /* JGProgressHUD in Frameworks */,
				C40A4C012964319A008B5D14 /* FirebaseAuth in Frameworks */,
				C40A4C032964319A008B5D14 /* FirebaseFirestore in Frameworks */,
				C40A4C052964319A008B5D14 /* FirebaseStorage in Frameworks */,
			);
			runOnlyForDeploymentPostprocessing = 0;
		};
/* End PBXFrameworksBuildPhase section */

/* Begin PBXGroup section */
		C43079FB29616B7F00A8CF57 /* Files */ = {
			isa = PBXGroup;
			children = (
				C40A4BFD296430AA008B5D14 /* GoogleService-Info.plist */,
				C446D837296010F900C3AF59 /* Info.plist */,
				C446D834296010F900C3AF59 /* LaunchScreen.storyboard */,
				C446D832296010F900C3AF59 /* Assets.xcassets */,
				C446D829296010F500C3AF59 /* AppDelegate.swift */,
			);
			name = Files;
			sourceTree = "<group>";
		};
		C43079FC29616B8700A8CF57 /* Controller */ = {
			isa = PBXGroup;
			children = (
				C446D82D296010F500C3AF59 /* LoginViewController.swift */,
				C46FD18C2962A9F900FB8ABD /* RegisterViewController.swift */,
				C41AB31D2967F66200C14157 /* MainTabBarViewController.swift */,
				C4E5B57929696DF300F7152C /* PastTaskViewController.swift */,
				C4E5B57B29696E2E00F7152C /* TasksViewController.swift */,
				C4E5B57D29696E4800F7152C /* ProfileViewContoller.swift */,
				C460FD46296BF21400F147B2 /* NewTaskViewController.swift */,
			);
			path = Controller;
			sourceTree = "<group>";
		};
		C43079FD29616BF800A8CF57 /* Utils */ = {
			isa = PBXGroup;
			children = (
				C43079FE29616C0400A8CF57 /* Extension.swift */,
				C4DA9085296C1AEE00E55ED6 /* InputTextView.swift */,
				C42D29FD2970B268005DB7D0 /* Constant.swift */,
			);
			path = Utils;
			sourceTree = "<group>";
		};
		C446D81D296010F500C3AF59 = {
			isa = PBXGroup;
			children = (
				C446D828296010F500C3AF59 /* TodoApp */,
				C446D827296010F500C3AF59 /* Products */,
			);
			sourceTree = "<group>";
		};
		C446D827296010F500C3AF59 /* Products */ = {
			isa = PBXGroup;
			children = (
				C446D826296010F500C3AF59 /* TodoApp.app */,
			);
			name = Products;
			sourceTree = "<group>";
		};
		C446D828296010F500C3AF59 /* TodoApp */ = {
			isa = PBXGroup;
			children = (
				C47969D62964534700D9424A /* Service */,
				C453172D2961AD32000A1F45 /* Model */,
				C453172C2961AD2D000A1F45 /* ViewModel */,
				C453172B2961AD27000A1F45 /* View */,
				C43079FD29616BF800A8CF57 /* Utils */,
				C43079FC29616B8700A8CF57 /* Controller */,
				C43079FB29616B7F00A8CF57 /* Files */,
			);
			path = TodoApp;
			sourceTree = "<group>";
		};
		C453172B2961AD27000A1F45 /* View */ = {
			isa = PBXGroup;
			children = (
				C453172E2961AD58000A1F45 /* AuthenticationInputView.swift */,
				C45317302961AE18000A1F45 /* CustomTextField.swift */,
				C498F83F2970208500A53371 /* TaskCell.swift */,
			);
			path = View;
			sourceTree = "<group>";
		};
		C453172C2961AD2D000A1F45 /* ViewModel */ = {
			isa = PBXGroup;
			children = (
				C475E5492961FBCD0093D838 /* LoginViewModel.swift */,
				C46FD18E2962B91900FB8ABD /* RegisterViewModel.swift */,
			);
			path = ViewModel;
			sourceTree = "<group>";
		};
		C453172D2961AD32000A1F45 /* Model */ = {
			isa = PBXGroup;
			children = (
				C43B7283297046D900E9748A /* User.swift */,
				C42D29FB2970B1B4005DB7D0 /* Task.swift */,
			);
			path = Model;
			sourceTree = "<group>";
		};
		C47969D62964534700D9424A /* Service */ = {
			isa = PBXGroup;
			children = (
				C47969D72964535D00D9424A /* AuthenticationService.swift */,
				C45BE50E296D369800463414 /* Service.swift */,
			);
			path = Service;
			sourceTree = "<group>";
		};
/* End PBXGroup section */

/* Begin PBXNativeTarget section */
		C446D825296010F500C3AF59 /* TodoApp */ = {
			isa = PBXNativeTarget;
			buildConfigurationList = C446D83A296010F900C3AF59 /* Build configuration list for PBXNativeTarget "TodoApp" */;
			buildPhases = (
				C446D822296010F500C3AF59 /* Sources */,
				C446D823296010F500C3AF59 /* Frameworks */,
				C446D824296010F500C3AF59 /* Resources */,
			);
			buildRules = (
			);
			dependencies = (
			);
			name = TodoApp;
			packageProductDependencies = (
				C40A4C002964319A008B5D14 /* FirebaseAuth */,
				C40A4C022964319A008B5D14 /* FirebaseFirestore */,
				C40A4C042964319A008B5D14 /* FirebaseStorage */,
				C4A33A4A296850E200E39F62 /* JGProgressHUD */,
			);
			productName = TodoApp;
			productReference = C446D826296010F500C3AF59 /* TodoApp.app */;
			productType = "com.apple.product-type.application";
		};
/* End PBXNativeTarget section */

/* Begin PBXProject section */
		C446D81E296010F500C3AF59 /* Project object */ = {
			isa = PBXProject;
			attributes = {
				BuildIndependentTargetsInParallel = 1;
				LastSwiftUpdateCheck = 1400;
				LastUpgradeCheck = 1400;
				TargetAttributes = {
					C446D825296010F500C3AF59 = {
						CreatedOnToolsVersion = 14.0.1;
					};
				};
			};
			buildConfigurationList = C446D821296010F500C3AF59 /* Build configuration list for PBXProject "TodoApp" */;
			compatibilityVersion = "Xcode 14.0";
			developmentRegion = en;
			hasScannedForEncodings = 0;
			knownRegions = (
				en,
				Base,
			);
			mainGroup = C446D81D296010F500C3AF59;
			packageReferences = (
				C40A4BFF2964319A008B5D14 /* XCRemoteSwiftPackageReference "firebase-ios-sdk" */,
				C4A33A49296850E100E39F62 /* XCRemoteSwiftPackageReference "JGProgressHUD" */,
			);
			productRefGroup = C446D827296010F500C3AF59 /* Products */;
			projectDirPath = "";
			projectRoot = "";
			targets = (
				C446D825296010F500C3AF59 /* TodoApp */,
			);
		};
/* End PBXProject section */

/* Begin PBXResourcesBuildPhase section */
		C446D824296010F500C3AF59 /* Resources */ = {
			isa = PBXResourcesBuildPhase;
			buildActionMask = 2147483647;
			files = (
				C446D836296010F900C3AF59 /* LaunchScreen.storyboard in Resources */,
				C446D833296010F900C3AF59 /* Assets.xcassets in Resources */,
				C40A4BFE296430AA008B5D14 /* GoogleService-Info.plist in Resources */,
			);
			runOnlyForDeploymentPostprocessing = 0;
		};
/* End PBXResourcesBuildPhase section */

/* Begin PBXSourcesBuildPhase section */
		C446D822296010F500C3AF59 /* Sources */ = {
			isa = PBXSourcesBuildPhase;
			buildActionMask = 2147483647;
			files = (
				C43079FF29616C0400A8CF57 /* Extension.swift in Sources */,
				C446D82E296010F500C3AF59 /* LoginViewController.swift in Sources */,
				C46FD18D2962A9F900FB8ABD /* RegisterViewController.swift in Sources */,
				C47969D82964535D00D9424A /* AuthenticationService.swift in Sources */,
				C46FD18F2962B91900FB8ABD /* RegisterViewModel.swift in Sources */,
				C4E5B57C29696E2E00F7152C /* TasksViewController.swift in Sources */,
				C4DA9086296C1AEE00E55ED6 /* InputTextView.swift in Sources */,
				C42D29FE2970B268005DB7D0 /* Constant.swift in Sources */,
				C42D29FC2970B1B4005DB7D0 /* Task.swift in Sources */,
				C4E5B57E29696E4800F7152C /* ProfileViewContoller.swift in Sources */,
				C475E54A2961FBCD0093D838 /* LoginViewModel.swift in Sources */,
				C498F8402970208500A53371 /* TaskCell.swift in Sources */,
				C45BE50F296D369800463414 /* Service.swift in Sources */,
				C460FD47296BF21400F147B2 /* NewTaskViewController.swift in Sources */,
				C446D82A296010F500C3AF59 /* AppDelegate.swift in Sources */,
				C453172F2961AD58000A1F45 /* AuthenticationInputView.swift in Sources */,
				C43B7284297046D900E9748A /* User.swift in Sources */,
				C4E5B57A29696DF300F7152C /* PastTaskViewController.swift in Sources */,
				C45317312961AE18000A1F45 /* CustomTextField.swift in Sources */,
				C41AB31E2967F66200C14157 /* MainTabBarViewController.swift in Sources */,
			);
			runOnlyForDeploymentPostprocessing = 0;
		};
/* End PBXSourcesBuildPhase section */

/* Begin PBXVariantGroup section */
		C446D834296010F900C3AF59 /* LaunchScreen.storyboard */ = {
			isa = PBXVariantGroup;
			children = (
				C446D835296010F900C3AF59 /* Base */,
			);
			name = LaunchScreen.storyboard;
			sourceTree = "<group>";
		};
/* End PBXVariantGroup section */

/* Begin XCBuildConfiguration section */
		C446D838296010F900C3AF59 /* Debug */ = {
			isa = XCBuildConfiguration;
			buildSettings = {
				ALWAYS_SEARCH_USER_PATHS = NO;
				CLANG_ANALYZER_NONNULL = YES;
				CLANG_ANALYZER_NUMBER_OBJECT_CONVERSION = YES_AGGRESSIVE;
				CLANG_CXX_LANGUAGE_STANDARD = "gnu++20";
				CLANG_ENABLE_MODULES = YES;
				CLANG_ENABLE_OBJC_ARC = YES;
				CLANG_ENABLE_OBJC_WEAK = YES;
				CLANG_WARN_BLOCK_CAPTURE_AUTORELEASING = YES;
				CLANG_WARN_BOOL_CONVERSION = YES;
				CLANG_WARN_COMMA = YES;
				CLANG_WARN_CONSTANT_CONVERSION = YES;
				CLANG_WARN_DEPRECATED_OBJC_IMPLEMENTATIONS = YES;
				CLANG_WARN_DIRECT_OBJC_ISA_USAGE = YES_ERROR;
				CLANG_WARN_DOCUMENTATION_COMMENTS = YES;
				CLANG_WARN_EMPTY_BODY = YES;
				CLANG_WARN_ENUM_CONVERSION = YES;
				CLANG_WARN_INFINITE_RECURSION = YES;
				CLANG_WARN_INT_CONVERSION = YES;
				CLANG_WARN_NON_LITERAL_NULL_CONVERSION = YES;
				CLANG_WARN_OBJC_IMPLICIT_RETAIN_SELF = YES;
				CLANG_WARN_OBJC_LITERAL_CONVERSION = YES;
				CLANG_WARN_OBJC_ROOT_CLASS = YES_ERROR;
				CLANG_WARN_QUOTED_INCLUDE_IN_FRAMEWORK_HEADER = YES;
				CLANG_WARN_RANGE_LOOP_ANALYSIS = YES;
				CLANG_WARN_STRICT_PROTOTYPES = YES;
				CLANG_WARN_SUSPICIOUS_MOVE = YES;
				CLANG_WARN_UNGUARDED_AVAILABILITY = YES_AGGRESSIVE;
				CLANG_WARN_UNREACHABLE_CODE = YES;
				CLANG_WARN__DUPLICATE_METHOD_MATCH = YES;
				COPY_PHASE_STRIP = NO;
				DEBUG_INFORMATION_FORMAT = dwarf;
				ENABLE_STRICT_OBJC_MSGSEND = YES;
				ENABLE_TESTABILITY = YES;
				GCC_C_LANGUAGE_STANDARD = gnu11;
				GCC_DYNAMIC_NO_PIC = NO;
				GCC_NO_COMMON_BLOCKS = YES;
				GCC_OPTIMIZATION_LEVEL = 0;
				GCC_PREPROCESSOR_DEFINITIONS = (
					"DEBUG=1",
					"$(inherited)",
				);
				GCC_WARN_64_TO_32_BIT_CONVERSION = YES;
				GCC_WARN_ABOUT_RETURN_TYPE = YES_ERROR;
				GCC_WARN_UNDECLARED_SELECTOR = YES;
				GCC_WARN_UNINITIALIZED_AUTOS = YES_AGGRESSIVE;
				GCC_WARN_UNUSED_FUNCTION = YES;
				GCC_WARN_UNUSED_VARIABLE = YES;
				IPHONEOS_DEPLOYMENT_TARGET = 16.0;
				MTL_ENABLE_DEBUG_INFO = INCLUDE_SOURCE;
				MTL_FAST_MATH = YES;
				ONLY_ACTIVE_ARCH = YES;
				SDKROOT = iphoneos;
				SWIFT_ACTIVE_COMPILATION_CONDITIONS = DEBUG;
				SWIFT_OPTIMIZATION_LEVEL = "-Onone";
			};
			name = Debug;
		};
		C446D839296010F900C3AF59 /* Release */ = {
			isa = XCBuildConfiguration;
			buildSettings = {
				ALWAYS_SEARCH_USER_PATHS = NO;
				CLANG_ANALYZER_NONNULL = YES;
				CLANG_ANALYZER_NUMBER_OBJECT_CONVERSION = YES_AGGRESSIVE;
				CLANG_CXX_LANGUAGE_STANDARD = "gnu++20";
				CLANG_ENABLE_MODULES = YES;
				CLANG_ENABLE_OBJC_ARC = YES;
				CLANG_ENABLE_OBJC_WEAK = YES;
				CLANG_WARN_BLOCK_CAPTURE_AUTORELEASING = YES;
				CLANG_WARN_BOOL_CONVERSION = YES;
				CLANG_WARN_COMMA = YES;
				CLANG_WARN_CONSTANT_CONVERSION = YES;
				CLANG_WARN_DEPRECATED_OBJC_IMPLEMENTATIONS = YES;
				CLANG_WARN_DIRECT_OBJC_ISA_USAGE = YES_ERROR;
				CLANG_WARN_DOCUMENTATION_COMMENTS = YES;
				CLANG_WARN_EMPTY_BODY = YES;
				CLANG_WARN_ENUM_CONVERSION = YES;
				CLANG_WARN_INFINITE_RECURSION = YES;
				CLANG_WARN_INT_CONVERSION = YES;
				CLANG_WARN_NON_LITERAL_NULL_CONVERSION = YES;
				CLANG_WARN_OBJC_IMPLICIT_RETAIN_SELF = YES;
				CLANG_WARN_OBJC_LITERAL_CONVERSION = YES;
				CLANG_WARN_OBJC_ROOT_CLASS = YES_ERROR;
				CLANG_WARN_QUOTED_INCLUDE_IN_FRAMEWORK_HEADER = YES;
				CLANG_WARN_RANGE_LOOP_ANALYSIS = YES;
				CLANG_WARN_STRICT_PROTOTYPES = YES;
				CLANG_WARN_SUSPICIOUS_MOVE = YES;
				CLANG_WARN_UNGUARDED_AVAILABILITY = YES_AGGRESSIVE;
				CLANG_WARN_UNREACHABLE_CODE = YES;
				CLANG_WARN__DUPLICATE_METHOD_MATCH = YES;
				COPY_PHASE_STRIP = NO;
				DEBUG_INFORMATION_FORMAT = "dwarf-with-dsym";
				ENABLE_NS_ASSERTIONS = NO;
				ENABLE_STRICT_OBJC_MSGSEND = YES;
				GCC_C_LANGUAGE_STANDARD = gnu11;
				GCC_NO_COMMON_BLOCKS = YES;
				GCC_WARN_64_TO_32_BIT_CONVERSION = YES;
				GCC_WARN_ABOUT_RETURN_TYPE = YES_ERROR;
				GCC_WARN_UNDECLARED_SELECTOR = YES;
				GCC_WARN_UNINITIALIZED_AUTOS = YES_AGGRESSIVE;
				GCC_WARN_UNUSED_FUNCTION = YES;
				GCC_WARN_UNUSED_VARIABLE = YES;
				IPHONEOS_DEPLOYMENT_TARGET = 16.0;
				MTL_ENABLE_DEBUG_INFO = NO;
				MTL_FAST_MATH = YES;
				SDKROOT = iphoneos;
				SWIFT_COMPILATION_MODE = wholemodule;
				SWIFT_OPTIMIZATION_LEVEL = "-O";
				VALIDATE_PRODUCT = YES;
			};
			name = Release;
		};
		C446D83B296010F900C3AF59 /* Debug */ = {
			isa = XCBuildConfiguration;
			buildSettings = {
				ASSETCATALOG_COMPILER_APPICON_NAME = AppIcon;
				ASSETCATALOG_COMPILER_GLOBAL_ACCENT_COLOR_NAME = AccentColor;
				CODE_SIGN_STYLE = Automatic;
				CURRENT_PROJECT_VERSION = 1;
				DEVELOPMENT_TEAM = 5XZHHC4623;
				GENERATE_INFOPLIST_FILE = YES;
				INFOPLIST_FILE = TodoApp/Info.plist;
				INFOPLIST_KEY_UIApplicationSupportsIndirectInputEvents = YES;
				INFOPLIST_KEY_UILaunchStoryboardName = LaunchScreen;
				INFOPLIST_KEY_UISupportedInterfaceOrientations_iPad = "UIInterfaceOrientationPortrait UIInterfaceOrientationPortraitUpsideDown UIInterfaceOrientationLandscapeLeft UIInterfaceOrientationLandscapeRight";
				INFOPLIST_KEY_UISupportedInterfaceOrientations_iPhone = "UIInterfaceOrientationPortrait UIInterfaceOrientationLandscapeLeft UIInterfaceOrientationLandscapeRight";
				LD_RUNPATH_SEARCH_PATHS = (
					"$(inherited)",
					"@executable_path/Frameworks",
				);
				MARKETING_VERSION = 1.0;
				PRODUCT_BUNDLE_IDENTIFIER = com.hakkicansengonul.TodoApp;
				PRODUCT_NAME = "$(TARGET_NAME)";
				SWIFT_EMIT_LOC_STRINGS = YES;
				SWIFT_VERSION = 5.0;
				TARGETED_DEVICE_FAMILY = "1,2";
			};
			name = Debug;
		};
		C446D83C296010F900C3AF59 /* Release */ = {
			isa = XCBuildConfiguration;
			buildSettings = {
				ASSETCATALOG_COMPILER_APPICON_NAME = AppIcon;
				ASSETCATALOG_COMPILER_GLOBAL_ACCENT_COLOR_NAME = AccentColor;
				CODE_SIGN_STYLE = Automatic;
				CURRENT_PROJECT_VERSION = 1;
				DEVELOPMENT_TEAM = 5XZHHC4623;
				GENERATE_INFOPLIST_FILE = YES;
				INFOPLIST_FILE = TodoApp/Info.plist;
				INFOPLIST_KEY_UIApplicationSupportsIndirectInputEvents = YES;
				INFOPLIST_KEY_UILaunchStoryboardName = LaunchScreen;
				INFOPLIST_KEY_UISupportedInterfaceOrientations_iPad = "UIInterfaceOrientationPortrait UIInterfaceOrientationPortraitUpsideDown UIInterfaceOrientationLandscapeLeft UIInterfaceOrientationLandscapeRight";
				INFOPLIST_KEY_UISupportedInterfaceOrientations_iPhone = "UIInterfaceOrientationPortrait UIInterfaceOrientationLandscapeLeft UIInterfaceOrientationLandscapeRight";
				LD_RUNPATH_SEARCH_PATHS = (
					"$(inherited)",
					"@executable_path/Frameworks",
				);
				MARKETING_VERSION = 1.0;
				PRODUCT_BUNDLE_IDENTIFIER = com.hakkicansengonul.TodoApp;
				PRODUCT_NAME = "$(TARGET_NAME)";
				SWIFT_EMIT_LOC_STRINGS = YES;
				SWIFT_VERSION = 5.0;
				TARGETED_DEVICE_FAMILY = "1,2";
			};
			name = Release;
		};
/* End XCBuildConfiguration section */

/* Begin XCConfigurationList section */
		C446D821296010F500C3AF59 /* Build configuration list for PBXProject "TodoApp" */ = {
			isa = XCConfigurationList;
			buildConfigurations = (
				C446D838296010F900C3AF59 /* Debug */,
				C446D839296010F900C3AF59 /* Release */,
			);
			defaultConfigurationIsVisible = 0;
			defaultConfigurationName = Release;
		};
		C446D83A296010F900C3AF59 /* Build configuration list for PBXNativeTarget "TodoApp" */ = {
			isa = XCConfigurationList;
			buildConfigurations = (
				C446D83B296010F900C3AF59 /* Debug */,
				C446D83C296010F900C3AF59 /* Release */,
			);
			defaultConfigurationIsVisible = 0;
			defaultConfigurationName = Release;
		};
/* End XCConfigurationList section */

/* Begin XCRemoteSwiftPackageReference section */
		C40A4BFF2964319A008B5D14 /* XCRemoteSwiftPackageReference "firebase-ios-sdk" */ = {
			isa = XCRemoteSwiftPackageReference;
			repositoryURL = "https://github.com/firebase/firebase-ios-sdk";
			requirement = {
				branch = master;
				kind = branch;
			};
		};
		C4A33A49296850E100E39F62 /* XCRemoteSwiftPackageReference "JGProgressHUD" */ = {
			isa = XCRemoteSwiftPackageReference;
			repositoryURL = "https://github.com/JonasGessner/JGProgressHUD.git";
			requirement = {
				branch = master;
				kind = branch;
			};
		};
/* End XCRemoteSwiftPackageReference section */

/* Begin XCSwiftPackageProductDependency section */
		C40A4C002964319A008B5D14 /* FirebaseAuth */ = {
			isa = XCSwiftPackageProductDependency;
			package = C40A4BFF2964319A008B5D14 /* XCRemoteSwiftPackageReference "firebase-ios-sdk" */;
			productName = FirebaseAuth;
		};
		C40A4C022964319A008B5D14 /* FirebaseFirestore */ = {
			isa = XCSwiftPackageProductDependency;
			package = C40A4BFF2964319A008B5D14 /* XCRemoteSwiftPackageReference "firebase-ios-sdk" */;
			productName = FirebaseFirestore;
		};
		C40A4C042964319A008B5D14 /* FirebaseStorage */ = {
			isa = XCSwiftPackageProductDependency;
			package = C40A4BFF2964319A008B5D14 /* XCRemoteSwiftPackageReference "firebase-ios-sdk" */;
			productName = FirebaseStorage;
		};
		C4A33A4A296850E200E39F62 /* JGProgressHUD */ = {
			isa = XCSwiftPackageProductDependency;
			package = C4A33A49296850E100E39F62 /* XCRemoteSwiftPackageReference "JGProgressHUD" */;
			productName = JGProgressHUD;
		};
/* End XCSwiftPackageProductDependency section */
	};
	rootObject = C446D81E296010F500C3AF59 /* Project object */;
}
